github.com/MicahParks/keyfunc/v2 v2.1.0 h1:6ZXKb9Rp6qp1bDbJefnG7cTH8yMN1IC/4nf+GVjO99k=
github.com/MicahParks/keyfunc/v2 v2.1.0/go.mod h1:rW42fi+xgLJ2FRRXAfNx9ZA8WpD4OeE/yHVMteCkw9k=
github.com/andybalholm/brotli v1.1.0 h1:eLKJA0d02Lf0mVpIDgYnqXcUn0GqVmEFny3VuID1U3M=
github.com/andybalholm/brotli v1.1.0/go.mod h1:sms7XGricyQI9K10gOSf56VKKWS4oLer58Q+mhRPtnY=
github.com/cenkalti/backoff/v4 v4.3.0 h1:MyRJ/UdXutAwSAT+s3wNd7MfTIcy71VQueUuFK343L8=
github.com/cenkalti/backoff/v4 v4.3.0/go.mod h1:Y3VNntkOUPxTVeUxJ/G5vcM//AlwfmyYozVcomhLiZE=
github.com/coreos/go-systemd/v22 v22.5.0/go.mod h1:Y58oyj3AT4RCenI/lSvhwexgC+NSVTIJ3seZv2GcEnc=
github.com/davecgh/go-spew v1.1.1 h1:vj9j/u1bqnvCEfJOwUhtlOARqs3+rkHYY13jYWTU97c=
github.com/davecgh/go-spew v1.1.1/go.mod h1:J7Y8YcW2NihsgmVo/mv3lAwl/skON4iLHjSsI+c5H38=
github.com/fasthttp/websocket v1.5.8 h1:k5DpirKkftIF/w1R8ZzjSgARJrs54Je9YJK37DL/Ah8=
github.com/fasthttp/websocket v1.5.8/go.mod h1:d08g8WaT6nnyvg9uMm8K9zMYyDjfKyj3170AtPRuVU0=
github.com/go-logr/logr v1.2.2/go.mod h1:jdQByPbusPIv2/zmleS9BjJVeZ6kBagPoEUsqbVz/1A=
github.com/go-logr/logr v1.4.2 h1:6pFjapn8bFcIbiKo3XT4j/BhANplGihG6tvd+8rYgrY=
github.com/go-logr/logr v1.4.2/go.mod h1:9T104GzyrTigFIr8wt5mBrctHMim0Nb2HLGrmQ40KvY=
github.com/go-logr/stdr v1.2.2 h1:hSWxHoqTgW2S2qGc0LTAI563KZ5YKYRhT3MFKZMbjag=
github.com/go-logr/stdr v1.2.2/go.mod h1:mMo/vtBO5dYbehREoey6XUKy/eSumjCCveDpRre4VKE=
github.com/godbus/dbus/v5 v5.0.4/go.mod h1:xhWf0FNVPg57R7Z0UbKHbJfkEywrmjJnf7w5xrFpKfA=
github.com/gofiber/contrib/jwt v1.0.10 h1:/ilGepl6i0Bntl0Zcd+lAzagY8BiS1+fEiAj32HMApk=
github.com/gofiber/contrib/jwt v1.0.10/go.mod h1:1qBENE6sZ6PPT4xIpBzx1VxeyROQO7sj48OlM1I9qdU=
github.com/gofiber/contrib/otelfiber/v2 v2.1.1 h1:viX4WuGyapgRIEINWZ6Gy8ZngmVkfhSJMJV2Zmhur0E=
github.com/gofiber/contrib/otelfiber/v2 v2.1.1/go.mod h1:52MEjuv8JSiESuedc4yUpi4HiHx2qOGyMrWL78hIHKs=
github.com/gofiber/contrib/websocket v1.3.2 h1:AUq5PYeKwK50s0nQrnluuINYeep1c4nRCJ0NWsV3cvg=
github.com/gofiber/contrib/websocket v1.3.2/go.mod h1:07u6QGMsvX+sx7iGNCl5xhzuUVArWwLQ3tBIH24i+S8=
github.com/gofiber/fiber/v2 v2.52.5 h1:tWoP1MJQjGEe4GB5TUGOi7P2E0ZMMRx5ZTG4rT+yGMo=
github.com/gofiber/fiber/v2 v2.52.5/go.mod h1:KEOE+cXMhXG0zHc9d8+E38hoX+ZN7bhOtgeF2oT6jrQ=
github.com/golang-jwt/jwt/v5 v5.2.1 h1:OuVbFODueb089Lh128TAcimifWaLhJwVflnrgM17wHk=
github.com/golang-jwt/jwt/v5 v5.2.1/go.mod h1:pqrtFR0X4osieyHYxtmOUWsAWrfe1Q5UVIyoH402zdk=
github.com/google/go-cmp v0.6.0 h1:ofyhxvXcZhMsU5ulbFiLKl/XBFqE1GSq7atu8tAmTRI=
github.com/google/go-cmp v0.6.0/go.mod h1:17dUlkBOakJ0+DkrSSNjCkIjxS6bF9zb3elmeNGIjoY=
github.com/google/uuid v1.6.0 h1:NIvaJDMOsjHA8n1jAhLSgzrAzy1Hgr+hNrb57e+94F0=
github.com/google/uuid v1.6.0/go.mod h1:TIyPZe4MgqvfeYDBFedMoGGpEw/LqOeaOT+nhxU+yHo=
github.com/gorilla/websocket v1.5.3 h1:saDtZ6Pbx/0u+bgYQ3q96pZgCzfhKXGPqt7kZ72aNNg=
github.com/gorilla/websocket v1.5.3/go.mod h1:YR8l580nyteQvAITg2hZ9XVh4b55+EU/adAjf1fMHhE=
github.com/grpc-ecosystem/grpc-gateway/v2 v2.23.0 h1:ad0vkEBuk23VJzZR9nkLVG0YAoN9coASF1GusYX6AlU=
github.com/grpc-ecosystem/grpc-gateway/v2 v2.23.0/go.mod h1:igFoXX2ELCW06bol23DWPB5BEWfZISOzSP5K2sbLea0=
github.com/klauspost/compress v1.17.7 h1:ehO88t2UGzQK66LMdE8tibEd1ErmzZjNEqWkjLAKQQg=
github.com/klauspost/compress v1.17.7/go.mod h1:Di0epgTjJY877eYKx5yC51cX2A2Vl2ibi7bDH9ttBbw=
github.com/kr/pretty v0.3.1 h1:flRD4NNwYAUpkphVc1HcthR4KEIFJ65n8Mw5qdRn3LE=
github.com/kr/pretty v0.3.1/go.mod h1:hoEshYVHaxMs3cyo3Yncou5ZscifuDolrwPKZanG3xk=
github.com/kr/text v0.2.0 h1:5Nx0Ya0ZqY2ygV366QzturHI13Jq95ApcVaJBhpS+AY=
github.com/kr/text v0.2.0/go.mod h1:eLer722TekiGuMkidMxC/pM04lWEeraHUUmBw8l2grE=
github.com/mattn/go-colorable v0.1.13 h1:fFA4WZxdEF4tXPZVKMLwD8oUnCTTo08duU7wxecdEvA=
github.com/mattn/go-colorable v0.1.13/go.mod h1:7S9/ev0klgBDR4GtXTXX8a3vIGJpMovkB8vQcUbaXHg=
github.com/mattn/go-isatty v0.0.16/go.mod h1:kYGgaQfpe5nmfYZH+SKPsOc2e4SrIfOl2e/yFXSvRLM=
github.com/mattn/go-isatty v0.0.19/go.mod h1:W+V8PltTTMOvKvAeJH7IuucS94S2C6jfK/D7dTCTo3Y=
github.com/mattn/go-isatty v0.0.20 h1:xfD0iDuEKnDkl03q4limB+vH+GxLEtL/jb4xVJSWWEY=
github.com/mattn/go-isatty v0.0.20/go.mod h1:W+V8PltTTMOvKvAeJH7IuucS94S2C6jfK/D7dTCTo3Y=
github.com/mattn/go-runewidth v0.0.15 h1:UNAjwbU9l54TA3KzvqLGxwWjHmMgBUVhBiTjelZgg3U=
github.com/mattn/go-runewidth v0.0.15/go.mod h1:Jdepj2loyihRzMpdS35Xk/zdY8IAYHsh153qUoGf23w=
github.com/mitchellh/mapstructure v1.5.0 h1:jeMsZIYE/09sWLaz43PL7Gy6RuMjD2eJVyuac5Z2hdY=
github.com/mitchellh/mapstructure v1.5.0/go.mod h1:bFUtVrKA4DC2yAKiSyO/QUcy7e+RRV2QTWOzhPopBRo=
github.com/onsi/gomega v1.34.1 h1:EUMJIKUjM8sKjYbtxQI9A4z2o+rruxnzNvpknOXie6k=
github.com/onsi/gomega v1.34.1/go.mod h1:kU1QgUvBDLXBJq618Xvm2LUX6rSAfRaFRTcdOeDLwwY=
github.com/philhofer/fwd v1.1.2 h1:bnDivRJ1EWPjUIRXV5KfORO897HTbpFAQddBdE8t7Gw=
github.com/philhofer/fwd v1.1.2/go.mod h1:qkPdfjR2SIEbspLqpe1tO4n5yICnr2DY7mqEx2tUTP0=
github.com/pkg/errors v0.9.1/go.mod h1:bwawxfHBFNV+L2hUp1rHADufV3IMtnDRdf1r5NINEl0=
github.com/pmezard/go-difflib v1.0.0 h1:4DBwDE0NGyQoBHbLQYPwSUPoCMWR5BEzIk/f1lZbAQM=
github.com/pmezard/go-difflib v1.0.0/go.mod h1:iKH77koFhYxTK1pcRnkKkqfTogsbg7gZNVY4sRDYZ/4=
github.com/rivo/uniseg v0.2.0 h1:S1pD9weZBuJdFmowNwbpi7BJ8TNftyUImj/0WQi72jY=
github.com/rivo/uniseg v0.2.0/go.mod h1:J6wj4VEh+S6ZtnVlnTBMWIodfgj8LQOQFoIToxlJtxc=
github.com/rogpeppe/go-internal v1.13.1 h1:KvO1DLK/DRN07sQ1LQKScxyZJuNnedQ5/wKSR38lUII=
github.com/rogpeppe/go-internal v1.13.1/go.mod h1:uMEvuHeurkdAXX61udpOXGD/AzZDWNMNyH2VO9fmH0o=
github.com/rs/xid v1.5.0/go.mod h1:trrq9SKmegXys3aeAKXMUTdJsYXVwGY3RLcfgqegfbg=
github.com/rs/zerolog v1.33.0 h1:1cU2KZkvPxNyfgEmhHAz/1A9Bz+llsdYzklWFzgp0r8=
github.com/rs/zerolog v1.33.0/go.mod h1:/7mN4D5sKwJLZQ2b/znpjC3/GQWY/xaDXUM0kKWRHss=
github.com/savsgio/gotils v0.0.0-20240303185622-093b76447511 h1:KanIMPX0QdEdB4R3CiimCAbxFrhB3j7h0/OvpYGVQa8=
github.com/savsgio/gotils v0.0.0-20240303185622-093b76447511/go.mod h1:sM7Mt7uEoCeFSCBM+qBrqvEo+/9vdmj19wzp3yzUhmg=
github.com/stretchr/testify v1.9.0 h1:HtqpIVDClZ4nwg75+f6Lvsy/wHu+3BoSGCbBAcpTsTg=
github.com/stretchr/testify v1.9.0/go.mod h1:r2ic/lqez/lEtzL7wO/rwa5dbSLXVDPFyf8C91i36aY=
github.com/tinylib/msgp v1.1.8 h1:FCXC1xanKO4I8plpHGH2P7koL/RzZs12l/+r7vakfm0=
github.com/tinylib/msgp v1.1.8/go.mod h1:qkpG+2ldGg4xRFmx+jfTvZPxfGFhi64BcnL9vkCm/Tw=
github.com/valkey-io/valkey-go v1.0.51 h1:qioDrTBplnkWLK5TrUq0rkuIv7HUL/RPJU/79wB93Lg=
github.com/valkey-io/valkey-go v1.0.51/go.mod h1:BXlVAPIL9rFQinSFM+N32JfWzfCaUAqBpZkc4vPY6fM=
github.com/valyala/bytebufferpool v1.0.0 h1:GqA5TC/0021Y/b9FG4Oi9Mr3q7XYx6KllzawFIhcdPw=
github.com/valyala/bytebufferpool v1.0.0/go.mod h1:6bBcMArwyJ5K/AmCkWv1jt77kVWyCJ6HpOuEn7z0Csc=
github.com/valyala/fasthttp v1.52.0 h1:wqBQpxH71XW0e2g+Og4dzQM8pk34aFYlA1Ga8db7gU0=
github.com/valyala/fasthttp v1.52.0/go.mod h1:hf5C4QnVMkNXMspnsUlfM3WitlgYflyhHYoKol/szxQ=
github.com/valyala/tcplisten v1.0.0 h1:rBHj/Xf+E1tRGZyWIWwJDiRY0zc1Js+CV5DqwacVSA8=
github.com/valyala/tcplisten v1.0.0/go.mod h1:T0xQ8SeCZGxckz9qRXTfG43PvQ/mcWh7FwZEA7Ioqkc=
github.com/yuin/goldmark v1.4.13/go.mod h1:6yULJ656Px+3vBD8DxQVa3kxgyrAnzto9xy5taEt/CY=
go.opentelemetry.io/contrib v1.20.0 h1:oXUiIQLlkbi9uZB/bt5B1WRLsrTKqb7bPpAQ+6htn2w=
go.opentelemetry.io/contrib v1.20.0/go.mod h1:gIzjwWFoGazJmtCaDgViqOSJPde2mCWzv60o0bWPcZs=
go.opentelemetry.io/contrib/instrumentation/runtime v0.57.0 h1:kJB5wMVorwre8QzEodzTAbzm9FOOah0zvG+V4abNlEE=
go.opentelemetry.io/contrib/instrumentation/runtime v0.57.0/go.mod h1:Nup4TgnOyEJWmVq9sf/ASH3ZJiAXwWHd5xZCHG7Sg9M=
go.opentelemetry.io/otel v1.32.0 h1:WnBN+Xjcteh0zdk01SVqV55d/m62NJLJdIyb4y/WO5U=
go.opentelemetry.io/otel v1.32.0/go.mod h1:00DCVSB0RQcnzlwyTfqtxSm+DRr9hpYrHjNGiBHVQIg=
go.opentelemetry.io/otel/exporters/otlp/otlplog/otlploggrpc v0.8.0 h1:WzNab7hOOLzdDF/EoWCt4glhrbMPVMOO5JYTmpz36Ls=
go.opentelemetry.io/otel/exporters/otlp/otlplog/otlploggrpc v0.8.0/go.mod h1:hKvJwTzJdp90Vh7p6q/9PAOd55dI6WA6sWj62a/JvSs=
go.opentelemetry.io/otel/exporters/otlp/otlpmetric/otlpmetricgrpc v1.32.0 h1:j7ZSD+5yn+lo3sGV69nW04rRR0jhYnBwjuX3r0HvnK0=
go.opentelemetry.io/otel/exporters/otlp/otlpmetric/otlpmetricgrpc v1.32.0/go.mod h1:WXbYJTUaZXAbYd8lbgGuvih0yuCfOFC5RJoYnoLcGz8=
go.opentelemetry.io/otel/exporters/otlp/otlptrace v1.32.0 h1:IJFEoHiytixx8cMiVAO+GmHR6Frwu+u5Ur8njpFO6Ac=
go.opentelemetry.io/otel/exporters/otlp/otlptrace v1.32.0/go.mod h1:3rHrKNtLIoS0oZwkY2vxi+oJcwFRWdtUyRII+so45p8=
go.opentelemetry.io/otel/exporters/otlp/otlptrace/otlptracegrpc v1.32.0 h1:9kV11HXBHZAvuPUZxmMWrH8hZn/6UnHX4K0mu36vNsU=
go.opentelemetry.io/otel/exporters/otlp/otlptrace/otlptracegrpc v1.32.0/go.mod h1:JyA0FHXe22E1NeNiHmVp7kFHglnexDQ7uRWDiiJ1hKQ=
go.opentelemetry.io/otel/exporters/stdout/stdoutlog v0.8.0 h1:CHXNXwfKWfzS65yrlB2PVds1IBZcdsX8Vepy9of0iRU=
go.opentelemetry.io/otel/exporters/stdout/stdoutlog v0.8.0/go.mod h1:zKU4zUgKiaRxrdovSS2amdM5gOc59slmo/zJwGX+YBg=
go.opentelemetry.io/otel/exporters/stdout/stdoutmetric v1.32.0 h1:SZmDnHcgp3zwlPBS2JX2urGYe/jBKEIT6ZedHRUyCz8=
go.opentelemetry.io/otel/exporters/stdout/stdoutmetric v1.32.0/go.mod h1:fdWW0HtZJ7+jNpTKUR0GpMEDP69nR8YBJQxNiVCE3jk=
go.opentelemetry.io/otel/exporters/stdout/stdouttrace v1.32.0 h1:cC2yDI3IQd0Udsux7Qmq8ToKAx1XCilTQECZ0KDZyTw=
go.opentelemetry.io/otel/exporters/stdout/stdouttrace v1.32.0/go.mod h1:2PD5Ex6z8CFzDbTdOlwyNIUywRr1DN0ospafJM1wJ+s=
go.opentelemetry.io/otel/log v0.8.0 h1:egZ8vV5atrUWUbnSsHn6vB8R21G2wrKqNiDt3iWertk=
go.opentelemetry.io/otel/log v0.8.0/go.mod h1:M9qvDdUTRCopJcGRKg57+JSQ9LgLBrwwfC32epk5NX8=
go.opentelemetry.io/otel/metric v1.32.0 h1:xV2umtmNcThh2/a/aCP+h64Xx5wsj8qqnkYZktzNa0M=
go.opentelemetry.io/otel/metric v1.32.0/go.mod h1:jH7CIbbK6SH2V2wE16W05BHCtIDzauciCRLoc/SyMv8=
go.opentelemetry.io/otel/sdk v1.32.0 h1:RNxepc9vK59A8XsgZQouW8ue8Gkb4jpWtJm9ge5lEG4=
go.opentelemetry.io/otel/sdk v1.32.0/go.mod h1:LqgegDBjKMmb2GC6/PrTnteJG39I8/vJCAP9LlJXEjU=
go.opentelemetry.io/otel/sdk/log v0.8.0 h1:zg7GUYXqxk1jnGF/dTdLPrK06xJdrXgqgFLnI4Crxvs=
go.opentelemetry.io/otel/sdk/log v0.8.0/go.mod h1:50iXr0UVwQrYS45KbruFrEt4LvAdCaWWgIrsN3ZQggo=
go.opentelemetry.io/otel/sdk/metric v1.32.0 h1:rZvFnvmvawYb0alrYkjraqJq0Z4ZUJAiyYCU9snn1CU=
go.opentelemetry.io/otel/sdk/metric v1.32.0/go.mod h1:PWeZlq0zt9YkYAp3gjKZ0eicRYvOh1Gd+X99x6GHpCQ=
go.opentelemetry.io/otel/trace v1.32.0 h1:WIC9mYrXf8TmY/EXuULKc8hR17vE+Hjv2cssQDe03fM=
go.opentelemetry.io/otel/trace v1.32.0/go.mod h1:+i4rkvCraA+tG6AzwloGaCtkx53Fa+L+V8e9a7YvhT8=
go.opentelemetry.io/proto/otlp v1.3.1 h1:TrMUixzpM0yuc/znrFTP9MMRh8trP93mkCiDVeXrui0=
go.opentelemetry.io/proto/otlp v1.3.1/go.mod h1:0X1WI4de4ZsLrrJNLAQbFeLCm3T7yBkR0XqQ7niQU+8=
go.uber.org/goleak v1.3.0 h1:2K3zAYmnTNqV73imy9J1T3WC+gmCePx2hEGkimedGto=
go.uber.org/goleak v1.3.0/go.mod h1:CoHD4mav9JJNrW/WLlf7HGZPjdw8EucARQHekz1X6bE=
golang.org/x/crypto v0.0.0-20190308221718-c2843e01d9a2/go.mod h1:djNgcEr1/C05ACkg1iLfiJU5Ep61QUkGW8qpdssI0+w=
golang.org/x/crypto v0.0.0-20210921155107-089bfa567519/go.mod h1:GvvjBRRGRdwPK5ydBHafDWAxML/pGHZbMvKqRZ5+Abc=
golang.org/x/exp v0.0.0-20240719175910-8a7402abbf56 h1:2dVuKD2vS7b0QIHQbpyTISPd0LeHDbnYEryqj5Q1ug8=
golang.org/x/exp v0.0.0-20240719175910-8a7402abbf56/go.mod h1:M4RDyNAINzryxdtnbRXRL/OHtkFuWGRjvuhBJpk2IlY=
golang.org/x/mod v0.6.0-dev.0.20220419223038-86c51ed26bb4/go.mod h1:jJ57K6gSWd91VN4djpZkiMVwK6gcyfeH4XE8wZrZaV4=
golang.org/x/mod v0.7.0/go.mod h1:iBbtSCu2XBx23ZKBPSOrRkjjQPZFPuis4dIYUhu/chs=
golang.org/x/net v0.0.0-20190620200207-3b0461eec859/go.mod h1:z5CRVTTTmAJ677TzLLGU+0bjPO0LkuOLi4/5GtJWs/s=
golang.org/x/net v0.0.0-20210226172049-e18ecbb05110/go.mod h1:m0MpNAwzfU5UDzcl9v0D8zg8gWTRqZa9RBIspLL5mdg=
golang.org/x/net v0.0.0-20220722155237-a158d28d115b/go.mod h1:XRhObCWvk6IyKnWLug+ECip1KBveYUHfp+8e9klMJ9c=
golang.org/x/net v0.3.0/go.mod h1:MBQ8lrhLObU/6UmLb4fmbmk5OcyYmqtbGd/9yIeKjEE=
golang.org/x/net v0.30.0 h1:AcW1SDZMkb8IpzCdQUaIq2sP4sZ4zw+55h6ynffypl4=
golang.org/x/net v0.30.0/go.mod h1:2wGyMJ5iFasEhkwi13ChkO/t1ECNC4X4eBKkVFyYFlU=
golang.org/x/sync v0.0.0-20190423024810-112230192c58/go.mod h1:RxMgew5VJxzue5/jJTE5uejpjVlOe/izrB70Jof72aM=
golang.org/x/sync v0.0.0-20220722155255-886fb9371eb4/go.mod h1:RxMgew5VJxzue5/jJTE5uejpjVlOe/izrB70Jof72aM=
golang.org/x/sync v0.1.0/go.mod h1:RxMgew5VJxzue5/jJTE5uejpjVlOe/izrB70Jof72aM=
golang.org/x/sys v0.0.0-20190215142949-d0b11bdaac8a/go.mod h1:STP8DvDyc/dI5b8T5hshtkjS+E42TnysNCUPdjciGhY=
golang.org/x/sys v0.0.0-20201119102817-f84b799fce68/go.mod h1:h1NjWce9XRLGQEsW7wpKNCjG9DtNlClVuFLEZdDNbEs=
golang.org/x/sys v0.0.0-20210615035016-665e8c7367d1/go.mod h1:oPkhp1MJrh7nUepCBck5+mAzfO9JrbApNNgaTdGDITg=
golang.org/x/sys v0.0.0-20220520151302-bc2c85ada10a/go.mod h1:oPkhp1MJrh7nUepCBck5+mAzfO9JrbApNNgaTdGDITg=
golang.org/x/sys v0.0.0-20220722155257-8c9f86f7a55f/go.mod h1:oPkhp1MJrh7nUepCBck5+mAzfO9JrbApNNgaTdGDITg=
golang.org/x/sys v0.0.0-20220811171246-fbc7d0a398ab/go.mod h1:oPkhp1MJrh7nUepCBck5+mAzfO9JrbApNNgaTdGDITg=
golang.org/x/sys v0.3.0/go.mod h1:oPkhp1MJrh7nUepCBck5+mAzfO9JrbApNNgaTdGDITg=
golang.org/x/sys v0.6.0/go.mod h1:oPkhp1MJrh7nUepCBck5+mAzfO9JrbApNNgaTdGDITg=
golang.org/x/sys v0.12.0/go.mod h1:oPkhp1MJrh7nUepCBck5+mAzfO9JrbApNNgaTdGDITg=
golang.org/x/sys v0.27.0 h1:wBqf8DvsY9Y/2P8gAfPDEYNuS30J4lPHJxXSb/nJZ+s=
golang.org/x/sys v0.27.0/go.mod h1:/VUhepiaJMQUp4+oa/7Zr1D23ma6VTLIYjOOTFZPUcA=
golang.org/x/term v0.0.0-20201126162022-7de9c90e9dd1/go.mod h1:bj7SfCRtBDWHUb9snDiAeCFNEtKQo2Wmx5Cou7ajbmo=
golang.org/x/term v0.0.0-20210927222741-03fcf44c2211/go.mod h1:jbD1KX2456YbFQfuXm/mYQcufACuNUgVhRMnK/tPxf8=
golang.org/x/term v0.3.0/go.mod h1:q750SLmJuPmVoN1blW3UFBPREJfb1KmY3vwxfr+nFDA=
golang.org/x/text v0.3.0/go.mod h1:NqM8EUOU14njkJ3fqMW+pc6Ldnwhi/IjpwHt7yyuwOQ=
golang.org/x/text v0.3.3/go.mod h1:5Zoc/QRtKVWzQhOtBMvqHzDpF6irO9z98xDceosuGiQ=
golang.org/x/text v0.3.7/go.mod h1:u+2+/6zg+i71rQMx5EYifcz6MCKuco9NR6JIITiCfzQ=
golang.org/x/text v0.5.0/go.mod h1:mrYo+phRRbMaCq/xk9113O4dZlRixOauAjOtrjsXDZ8=
golang.org/x/text v0.20.0 h1:gK/Kv2otX8gz+wn7Rmb3vT96ZwuoxnQlY+HlJVj7Qug=
golang.org/x/text v0.20.0/go.mod h1:D4IsuqiFMhST5bX19pQ9ikHC2GsaKyk/oF+pn3ducp4=
golang.org/x/tools v0.0.0-20180917221912-90fa682c2a6e/go.mod h1:n7NCudcB/nEzxVGmLbDWY5pfWTLqBcC2KZ6jyYvM4mQ=
golang.org/x/tools v0.0.0-20191119224855-298f0cb1881e/go.mod h1:b+2E5dAYhXwXZwtnZ6UAqBI28+e2cm9otk0dWdXHAEo=
golang.org/x/tools v0.1.12/go.mod h1:hNGJHUnrk76NpqgfD5Aqm5Crs+Hm0VOH/i9J2+nxYbc=
golang.org/x/tools v0.4.0/go.mod h1:UE5sM2OK9E/d67R0ANs2xJizIymRP5gJU295PvKXxjQ=
golang.org/x/xerrors v0.0.0-20190717185122-a985d3407aa7/go.mod h1:I/5z698sn9Ka8TeJc9MKroUUfqBBauWjQqLJ2OPfmY0=
google.golang.org/genproto/googleapis/api v0.0.0-20241104194629-dd2ea8efbc28 h1:M0KvPgPmDZHPlbRbaNU1APr28TvwvvdUPlSv7PUvy8g=
google.golang.org/genproto/googleapis/api v0.0.0-20241104194629-dd2ea8efbc28/go.mod h1:dguCy7UOdZhTvLzDyt15+rOrawrpM4q7DD9dQ1P11P4=
google.golang.org/genproto/googleapis/rpc v0.0.0-20241104194629-dd2ea8efbc28 h1:XVhgTWWV3kGQlwJHR3upFWZeTsei6Oks1apkZSeonIE=
google.golang.org/genproto/googleapis/rpc v0.0.0-20241104194629-dd2ea8efbc28/go.mod h1:GX3210XPVPUjJbTUbvwI8f2IpZDMZuPJWDzDuebbviI=
google.golang.org/grpc v1.67.1 h1:zWnc1Vrcno+lHZCOofnIMvycFcc0QRGIzm9dhnDX68E=
google.golang.org/grpc v1.67.1/go.mod h1:1gLDyUQU7CTLJI90u3nXZ9ekeghjeM7pTDZlqFNg2AA=
google.golang.org/protobuf v1.35.1 h1:m3LfL6/Ca+fqnjnlqQXNpFPABW1UD7mjh8KO2mKFytA=
google.golang.org/protobuf v1.35.1/go.mod h1:9fA7Ob0pmnwhb644+1+CVWFRbNajQ6iRojtC/QF5bRE=
gopkg.in/check.v1 v0.0.0-20161208181325-20d25e280405/go.mod h1:Co6ibVJAznAaIkqp8huTwlJQCZ016jof/cbN4VW5Yz0=
gopkg.in/check.v1 v1.0.0-20201130134442-10cb98267c6c h1:Hei/4ADfdWqJk1ZMxUNpqntNwaWcugrBjAiHlqqRiVk=
gopkg.in/check.v1 v1.0.0-20201130134442-10cb98267c6c/go.mod h1:JHkPIbrfpd72SG/EVd6muEfDQjcINNoR0C8j2r3qZ4Q=
gopkg.in/yaml.v3 v3.0.1 h1:fxVm/GzAzEWqLHuvctI91KS9hhNmmWOoWu0XTYJS7CA=
gopkg.in/yaml.v3 v3.0.1/go.mod h1:K4uyk7z7BCEPqu6E+C64Yfv1cQ7kz7rIZviUmN+EgEM=
